{
  "version": 4,
  "terraform_version": "1.0.11",
  "serial": 1,
  "lineage": "a935fa96-d2b3-7403-9117-de11e569cde0",
  "outputs": {},
  "resources": [
    {
      "mode": "managed",
      "type": "github_repository",
      "name": "Terraform_test",
      "provider": "provider[\"registry.terraform.io/integrations/github\"]",
      "instances": [
        {
          "schema_version": 0,
          "attributes": {
            "allow_auto_merge": false,
            "allow_merge_commit": true,
            "allow_rebase_merge": true,
            "allow_squash_merge": true,
            "archive_on_destroy": null,
            "archived": false,
            "auto_init": null,
            "default_branch": "main",
            "delete_branch_on_merge": false,
            "description": "My awesome codebase",
            "etag": "W/\"fb187f53e9398dad055a7a3fed3aabfa83501b0e1597252c578f9d6dce7e60d9\"",
            "full_name": "imobil/example-imobi",
            "git_clone_url": "git://github.com/imobil/example-imobi.git",
            "gitignore_template": null,
            "has_downloads": false,
            "has_issues": false,
            "has_projects": false,
            "has_wiki": false,
            "homepage_url": "",
            "html_url": "https://github.com/imobil/example-imobi",
            "http_clone_url": "https://github.com/imobil/example-imobi.git",
            "id": "example-imobi",
            "is_template": false,
            "license_template": null,
            "name": "example-imobi",
            "node_id": "R_kgDOGZmUSw",
            "pages": [],
            "private": false,
            "repo_id": 429495371,
            "ssh_clone_url": "git@github.com:imobil/example-imobi.git",
            "svn_url": "https://github.com/imobil/example-imobi",
            "template": [],
            "topics": null,
            "visibility": "public",
            "vulnerability_alerts": false
          },
          "sensitive_attributes": [],
          "private": "bnVsbA=="
        }
      ]
    }
  ]
}
