{
  "version": 4,
  "terraform_version": "1.0.11",
  "serial": 45,
  "lineage": "5bae9d7f-6328-b1ed-bad1-d4412f82ea39",
  "outputs": {},
  "resources": [
    {
      "mode": "managed",
      "type": "aws_iam_user",
      "name": "lb",
      "provider": "provider[\"registry.terraform.io/hashicorp/aws\"]",
      "instances": [
        {
          "index_key": 0,
          "schema_version": 0,
          "attributes": {
            "arn": "arn:aws:iam::982748585976:user/dev-loadbalacer",
            "force_destroy": false,
            "id": "dev-loadbalacer",
            "name": "dev-loadbalacer",
            "path": "/",
            "permissions_boundary": null,
            "tags": null,
            "tags_all": {},
            "unique_id": "AIDA6JUDBL74MSVYPB3EG"
          },
          "sensitive_attributes": [],
          "private": "bnVsbA=="
        },
        {
          "index_key": 1,
          "schema_version": 0,
          "attributes": {
            "arn": "arn:aws:iam::982748585976:user/stage-loadbalancer",
            "force_destroy": false,
            "id": "stage-loadbalancer",
            "name": "stage-loadbalancer",
            "path": "/",
            "permissions_boundary": null,
            "tags": null,
            "tags_all": {},
            "unique_id": "AIDA6JUDBL74HRORP3HTM"
          },
          "sensitive_attributes": [],
          "private": "bnVsbA=="
        },
        {
          "index_key": 2,
          "schema_version": 0,
          "attributes": {
            "arn": "arn:aws:iam::982748585976:user/prod-loadbalancer",
            "force_destroy": false,
            "id": "prod-loadbalancer",
            "name": "prod-loadbalancer",
            "path": "/",
            "permissions_boundary": null,
            "tags": null,
            "tags_all": {},
            "unique_id": "AIDA6JUDBL74KZIWPZHP2"
          },
          "sensitive_attributes": [],
          "private": "bnVsbA=="
        },
        {
          "index_key": 3,
          "schema_version": 0,
          "attributes": {
            "arn": "arn:aws:iam::982748585976:user/test-loadbalancer",
            "force_destroy": false,
            "id": "test-loadbalancer",
            "name": "test-loadbalancer",
            "path": "/",
            "permissions_boundary": null,
            "tags": null,
            "tags_all": {},
            "unique_id": "AIDA6JUDBL74JOV7WET3C"
          },
          "sensitive_attributes": [],
          "private": "bnVsbA=="
        }
      ]
    }
  ]
}
